
Microsoft Visual Studio Solution File, Format Version 12.00
# Visual Studio Version 16
VisualStudioVersion = 16.0.31624.102
MinimumVisualStudioVersion = 10.0.40219.1
Project("{FAE04EC0-301F-11D3-BF4B-00C04F79EFBC}") = "ChatV2", "ChatV2.csproj", "{DE6718FF-FBD8-411A-AD26-660019FDC999}"
EndProject
Global
	GlobalSection(SolutionConfigurationPlatforms) = preSolution
		Debug|Any CPU = Debug|Any CPU
		Release|Any CPU = Release|Any CPU
	EndGlobalSection
	GlobalSection(ProjectConfigurationPlatforms) = postSolution
		{DE6718FF-FBD8-411A-AD26-660019FDC999}.Debug|Any CPU.ActiveCfg = Debug|Any CPU
		{DE6718FF-FBD8-411A-AD26-660019FDC999}.Debug|Any CPU.Build.0 = Debug|Any CPU
		{DE6718FF-FBD8-411A-AD26-660019FDC999}.Release|Any CPU.ActiveCfg = Release|Any CPU
		{DE6718FF-FBD8-411A-AD26-660019FDC999}.Release|Any CPU.Build.0 = Release|Any CPU
	EndGlobalSection
	GlobalSection(SolutionProperties) = preSolution
		HideSolutionNode = FALSE
	EndGlobalSection
	GlobalSection(ExtensibilityGlobals) = postSolution
		SolutionGuid = {9D176F7B-D2EA-4745-BB58-453BD2C63A81}
	EndGlobalSection
EndGlobal
